// !$*UTF8*$!
{
	archiveVersion = 1;
	classes = {
	};
	objectVersion = 46;
	objects = {

/* Begin PBXBuildFile section */
		0030C4001AAD388900A873B5 /* libcryptopp_ios.a in Frameworks */ = {isa = PBXBuildFile; fileRef = 0030C3E61AAD386A00A873B5 /* libcryptopp_ios.a */; };
		0039C4711AAD426F00A8E9D0 /* libudns_ios.a in Frameworks */ = {isa = PBXBuildFile; fileRef = 0030C3F21AAD386A00A873B5 /* libudns_ios.a */; };
		0039C4721AAD427E00A8E9D0 /* libidnkit_ios.a in Frameworks */ = {isa = PBXBuildFile; fileRef = 0030C3E91AAD386A00A873B5 /* libidnkit_ios.a */; };
		0039C47D1AAD42C900A8E9D0 /* libhfservices_ios.a in Frameworks */ = {isa = PBXBuildFile; fileRef = 0039C47A1AAD42BA00A8E9D0 /* libhfservices_ios.a */; };
		0091A2BF1A9C3BED005EB898 /* TestILocationDatabase.cpp in Sources */ = {isa = PBXBuildFile; fileRef = 0091A2BD1A9C3BED005EB898 /* TestILocationDatabase.cpp */; };
		00BDC01D1A1B974800F0DA1C /* main.m in Sources */ = {isa = PBXBuildFile; fileRef = 00BDC01C1A1B974800F0DA1C /* main.m */; };
		00BDC0201A1B974800F0DA1C /* AppDelegate.m in Sources */ = {isa = PBXBuildFile; fileRef = 00BDC01F1A1B974800F0DA1C /* AppDelegate.m */; };
		00BDC0231A1B974800F0DA1C /* ViewController.m in Sources */ = {isa = PBXBuildFile; fileRef = 00BDC0221A1B974800F0DA1C /* ViewController.m */; };
		00BDC0261A1B974800F0DA1C /* Main.storyboard in Resources */ = {isa = PBXBuildFile; fileRef = 00BDC0241A1B974800F0DA1C /* Main.storyboard */; };
		00BDC0281A1B974800F0DA1C /* Images.xcassets in Resources */ = {isa = PBXBuildFile; fileRef = 00BDC0271A1B974800F0DA1C /* Images.xcassets */; };
		00BDC02B1A1B974800F0DA1C /* LaunchScreen.xib in Resources */ = {isa = PBXBuildFile; fileRef = 00BDC0291A1B974800F0DA1C /* LaunchScreen.xib */; };
		00BDC2911A1B978900F0DA1C /* helpers.cpp in Sources */ = {isa = PBXBuildFile; fileRef = 00BDC1DD1A1B978900F0DA1C /* helpers.cpp */; };
		00BDC2931A1B978900F0DA1C /* TestAccount.cpp in Sources */ = {isa = PBXBuildFile; fileRef = 00BDC1E01A1B978900F0DA1C /* TestAccount.cpp */; };
		00BDC2941A1B978900F0DA1C /* testing.cpp in Sources */ = {isa = PBXBuildFile; fileRef = 00BDC1E21A1B978900F0DA1C /* testing.cpp */; };
		00BDC2951A1B978900F0DA1C /* TestServiceLockboxSession.cpp in Sources */ = {isa = PBXBuildFile; fileRef = 00BDC1E41A1B978900F0DA1C /* TestServiceLockboxSession.cpp */; };
		00BDC2961A1B978900F0DA1C /* TestStack.cpp in Sources */ = {isa = PBXBuildFile; fileRef = 00BDC1E61A1B978900F0DA1C /* TestStack.cpp */; };
		00BDC2D81A1B99DD00F0DA1C /* libcurl.a in Frameworks */ = {isa = PBXBuildFile; fileRef = 00BDC2D71A1B99DD00F0DA1C /* libcurl.a */; };
		00D7DF741A8C595A00DC0F6E /* TestCache.cpp in Sources */ = {isa = PBXBuildFile; fileRef = 00D7DF6A1A8C595A00DC0F6E /* TestCache.cpp */; };
		00D7DF751A8C595A00DC0F6E /* TestLocationDB.cpp in Sources */ = {isa = PBXBuildFile; fileRef = 00D7DF6C1A8C595A00DC0F6E /* TestLocationDB.cpp */; };
		00D7DF761A8C595A00DC0F6E /* TestP2PDatabaseMessage.cpp in Sources */ = {isa = PBXBuildFile; fileRef = 00D7DF6E1A8C595A00DC0F6E /* TestP2PDatabaseMessage.cpp */; };
		00D7DF771A8C595A00DC0F6E /* TestPushMailboxDB.cpp in Sources */ = {isa = PBXBuildFile; fileRef = 00D7DF701A8C595A00DC0F6E /* TestPushMailboxDB.cpp */; };
		00D7DF781A8C595A00DC0F6E /* TestSetup.cpp in Sources */ = {isa = PBXBuildFile; fileRef = 00D7DF721A8C595A00DC0F6E /* TestSetup.cpp */; };
		00F00D341AAD365A008C64A8 /* libhfstack_ios.a in Frameworks */ = {isa = PBXBuildFile; fileRef = 0078BD611A818C97003AAD10 /* libhfstack_ios.a */; };
		00F00D3F1AAD368E008C64A8 /* libeasysqlite_ios.a in Frameworks */ = {isa = PBXBuildFile; fileRef = 00D7DEF31A8BB42700DC0F6E /* libeasysqlite_ios.a */; };
		00F00D401AAD36B9008C64A8 /* libzsLib_ios.a in Frameworks */ = {isa = PBXBuildFile; fileRef = 00F00D211AAD3638008C64A8 /* libzsLib_ios.a */; };
		00F00D411AAD36BF008C64A8 /* libortclib_ios.a in Frameworks */ = {isa = PBXBuildFile; fileRef = 007180BE1A818BE400CDA113 /* libortclib_ios.a */; };
/* End PBXBuildFile section */

/* Begin PBXContainerItemProxy section */
		0030C3E51AAD386A00A873B5 /* PBXContainerItemProxy */ = {
			isa = PBXContainerItemProxy;
			containerPortal = 008C9C931A811203002ADD3B /* cryptopp_ios.xcodeproj */;
			proxyType = 2;
			remoteGlobalIDString = 0066863A16C9F58000259F81;
			remoteInfo = cryptopp_ios;
		};
		0030C3E81AAD386A00A873B5 /* PBXContainerItemProxy */ = {
			isa = PBXContainerItemProxy;
			containerPortal = 008C9C811A8111A7002ADD3B /* idnkit_ios.xcodeproj */;
			proxyType = 2;
			remoteGlobalIDString = 00AA6DB11A15220000815878;
			remoteInfo = idnkit_ios;
		};
		0030C3F11AAD386A00A873B5 /* PBXContainerItemProxy */ = {
			isa = PBXContainerItemProxy;
			containerPortal = 008C9C8D1A8111F6002ADD3B /* udns_ios.xcodeproj */;
			proxyType = 2;
			remoteGlobalIDString = 0066824F16C9DA9200259F81;
			remoteInfo = udns_ios;
		};
		0030C3F81AAD387500A873B5 /* PBXContainerItemProxy */ = {
			isa = PBXContainerItemProxy;
			containerPortal = 008C9C931A811203002ADD3B /* cryptopp_ios.xcodeproj */;
			proxyType = 1;
			remoteGlobalIDString = 0066863916C9F58000259F81;
			remoteInfo = cryptopp_ios;
		};
		0030C3FA1AAD387500A873B5 /* PBXContainerItemProxy */ = {
			isa = PBXContainerItemProxy;
			containerPortal = 008C9C811A8111A7002ADD3B /* idnkit_ios.xcodeproj */;
			proxyType = 1;
			remoteGlobalIDString = 00AA6DB01A15220000815878;
			remoteInfo = idnkit_ios;
		};
		0030C3FC1AAD387500A873B5 /* PBXContainerItemProxy */ = {
			isa = PBXContainerItemProxy;
			containerPortal = 008C9C8D1A8111F6002ADD3B /* udns_ios.xcodeproj */;
			proxyType = 1;
			remoteGlobalIDString = 0066824E16C9DA9200259F81;
			remoteInfo = udns_ios;
		};
		0039C4791AAD42BA00A8E9D0 /* PBXContainerItemProxy */ = {
			isa = PBXContainerItemProxy;
			containerPortal = 0039C4751AAD42BA00A8E9D0 /* hfservices_ios.xcodeproj */;
			proxyType = 2;
			remoteGlobalIDString = 0095DC1516CA8802005F53D3;
			remoteInfo = hfservices_ios;
		};
		0039C47B1AAD42C200A8E9D0 /* PBXContainerItemProxy */ = {
			isa = PBXContainerItemProxy;
			containerPortal = 0039C4751AAD42BA00A8E9D0 /* hfservices_ios.xcodeproj */;
			proxyType = 1;
			remoteGlobalIDString = 0095DC1416CA8802005F53D3;
			remoteInfo = hfservices_ios;
		};
		007180BD1A818BE400CDA113 /* PBXContainerItemProxy */ = {
			isa = PBXContainerItemProxy;
			containerPortal = 00BDC2B01A1B994400F0DA1C /* ortclib_ios.xcodeproj */;
			proxyType = 2;
			remoteGlobalIDString = E2260E731821628E0084E4A4;
			remoteInfo = ortclib_ios;
		};
		0078BD601A818C97003AAD10 /* PBXContainerItemProxy */ = {
			isa = PBXContainerItemProxy;
			containerPortal = 00BDC2BC1A1B996200F0DA1C /* hfstack_ios.xcodeproj */;
			proxyType = 2;
			remoteGlobalIDString = 0063B94916CA91F000E6DB4D;
			remoteInfo = hfstack_ios;
		};
		00D7DEF21A8BB42700DC0F6E /* PBXContainerItemProxy */ = {
			isa = PBXContainerItemProxy;
			containerPortal = 00BDC2B61A1B995600F0DA1C /* easysqlite_ios.xcodeproj */;
			proxyType = 2;
			remoteGlobalIDString = 004B220C1A10793F00239AAC;
			remoteInfo = easysqlite_ios;
		};
		00F00D201AAD3638008C64A8 /* PBXContainerItemProxy */ = {
			isa = PBXContainerItemProxy;
			containerPortal = 008C9C871A8111EF002ADD3B /* zsLib_ios.xcodeproj */;
			proxyType = 2;
			remoteGlobalIDString = 0066818216C9D64000259F81;
			remoteInfo = zsLib_ios;
		};
		00F00D2C1AAD3653008C64A8 /* PBXContainerItemProxy */ = {
			isa = PBXContainerItemProxy;
			containerPortal = 00BDC2BC1A1B996200F0DA1C /* hfstack_ios.xcodeproj */;
			proxyType = 1;
			remoteGlobalIDString = 0063B94816CA91F000E6DB4D;
			remoteInfo = hfstack_ios;
		};
		00F00D2E1AAD3653008C64A8 /* PBXContainerItemProxy */ = {
			isa = PBXContainerItemProxy;
			containerPortal = 00BDC2B61A1B995600F0DA1C /* easysqlite_ios.xcodeproj */;
			proxyType = 1;
			remoteGlobalIDString = 004B220B1A10793F00239AAC;
			remoteInfo = easysqlite_ios;
		};
		00F00D321AAD3653008C64A8 /* PBXContainerItemProxy */ = {
			isa = PBXContainerItemProxy;
			containerPortal = 008C9C871A8111EF002ADD3B /* zsLib_ios.xcodeproj */;
			proxyType = 1;
			remoteGlobalIDString = 0066818116C9D64000259F81;
			remoteInfo = zsLib_ios;
		};
		00F00D461AAD37DC008C64A8 /* PBXContainerItemProxy */ = {
			isa = PBXContainerItemProxy;
			containerPortal = 00BDC2B01A1B994400F0DA1C /* ortclib_ios.xcodeproj */;
			proxyType = 1;
			remoteGlobalIDString = E2260E721821628E0084E4A4;
			remoteInfo = ortclib_ios;
		};
/* End PBXContainerItemProxy section */

/* Begin PBXFileReference section */
		0039C4751AAD42BA00A8E9D0 /* hfservices_ios.xcodeproj */ = {isa = PBXFileReference; lastKnownFileType = "wrapper.pb-project"; name = hfservices_ios.xcodeproj; path = "/Users/robin/Documents/Hookflash/Repos/op/reorg/op-client-sdk/libs/op-core-cpp/projects/xcode/../../../op-services-cpp/projects/xcode/hfservices_ios/hfservices_ios.xcodeproj"; sourceTree = "<absolute>"; };
		008C9C811A8111A7002ADD3B /* idnkit_ios.xcodeproj */ = {isa = PBXFileReference; lastKnownFileType = "wrapper.pb-project"; name = idnkit_ios.xcodeproj; path = ../../../../idnkit/projects/xcode/idnkit_ios.xcodeproj; sourceTree = "<group>"; };
		008C9C871A8111EF002ADD3B /* zsLib_ios.xcodeproj */ = {isa = PBXFileReference; lastKnownFileType = "wrapper.pb-project"; name = zsLib_ios.xcodeproj; path = ../../../../zsLib/projects/xcode/zsLib_ios/zsLib_ios.xcodeproj; sourceTree = "<group>"; };
		008C9C8D1A8111F6002ADD3B /* udns_ios.xcodeproj */ = {isa = PBXFileReference; lastKnownFileType = "wrapper.pb-project"; name = udns_ios.xcodeproj; path = ../../../../udns/projects/xcode/udns_ios/udns_ios.xcodeproj; sourceTree = "<group>"; };
		008C9C931A811203002ADD3B /* cryptopp_ios.xcodeproj */ = {isa = PBXFileReference; lastKnownFileType = "wrapper.pb-project"; name = cryptopp_ios.xcodeproj; path = ../../../../cryptopp/projects/xcode/cryptopp_ios/cryptopp_ios.xcodeproj; sourceTree = "<group>"; };
		0091A2BD1A9C3BED005EB898 /* TestILocationDatabase.cpp */ = {isa = PBXFileReference; fileEncoding = 4; lastKnownFileType = sourcecode.cpp.cpp; path = TestILocationDatabase.cpp; sourceTree = "<group>"; };
		0091A2BE1A9C3BED005EB898 /* TestILocationDatabase.h */ = {isa = PBXFileReference; fileEncoding = 4; lastKnownFileType = sourcecode.c.h; path = TestILocationDatabase.h; sourceTree = "<group>"; };
		00BDC0171A1B974800F0DA1C /* hfstackTest_ios.app */ = {isa = PBXFileReference; explicitFileType = wrapper.application; includeInIndex = 0; path = hfstackTest_ios.app; sourceTree = BUILT_PRODUCTS_DIR; };
		00BDC01B1A1B974800F0DA1C /* Info.plist */ = {isa = PBXFileReference; lastKnownFileType = text.plist.xml; path = Info.plist; sourceTree = "<group>"; };
		00BDC01C1A1B974800F0DA1C /* main.m */ = {isa = PBXFileReference; lastKnownFileType = sourcecode.c.objc; path = main.m; sourceTree = "<group>"; };
		00BDC01E1A1B974800F0DA1C /* AppDelegate.h */ = {isa = PBXFileReference; lastKnownFileType = sourcecode.c.h; path = AppDelegate.h; sourceTree = "<group>"; };
		00BDC01F1A1B974800F0DA1C /* AppDelegate.m */ = {isa = PBXFileReference; lastKnownFileType = sourcecode.c.objc; path = AppDelegate.m; sourceTree = "<group>"; };
		00BDC0211A1B974800F0DA1C /* ViewController.h */ = {isa = PBXFileReference; lastKnownFileType = sourcecode.c.h; path = ViewController.h; sourceTree = "<group>"; };
		00BDC0221A1B974800F0DA1C /* ViewController.m */ = {isa = PBXFileReference; lastKnownFileType = sourcecode.c.objc; path = ViewController.m; sourceTree = "<group>"; };
		00BDC0251A1B974800F0DA1C /* Base */ = {isa = PBXFileReference; lastKnownFileType = file.storyboard; name = Base; path = Base.lproj/Main.storyboard; sourceTree = "<group>"; };
		00BDC0271A1B974800F0DA1C /* Images.xcassets */ = {isa = PBXFileReference; lastKnownFileType = folder.assetcatalog; path = Images.xcassets; sourceTree = "<group>"; };
		00BDC02A1A1B974800F0DA1C /* Base */ = {isa = PBXFileReference; lastKnownFileType = file.xib; name = Base; path = Base.lproj/LaunchScreen.xib; sourceTree = "<group>"; };
		00BDC1DC1A1B978900F0DA1C /* config.h */ = {isa = PBXFileReference; fileEncoding = 4; lastKnownFileType = sourcecode.c.h; path = config.h; sourceTree = "<group>"; };
		00BDC1DD1A1B978900F0DA1C /* helpers.cpp */ = {isa = PBXFileReference; fileEncoding = 4; lastKnownFileType = sourcecode.cpp.cpp; path = helpers.cpp; sourceTree = "<group>"; };
		00BDC1DE1A1B978900F0DA1C /* helpers.h */ = {isa = PBXFileReference; fileEncoding = 4; lastKnownFileType = sourcecode.c.h; path = helpers.h; sourceTree = "<group>"; };
		00BDC1DF1A1B978900F0DA1C /* main.cpp */ = {isa = PBXFileReference; fileEncoding = 4; lastKnownFileType = sourcecode.cpp.cpp; path = main.cpp; sourceTree = "<group>"; };
		00BDC1E01A1B978900F0DA1C /* TestAccount.cpp */ = {isa = PBXFileReference; fileEncoding = 4; lastKnownFileType = sourcecode.cpp.cpp; path = TestAccount.cpp; sourceTree = "<group>"; };
		00BDC1E11A1B978900F0DA1C /* TestAccount.h */ = {isa = PBXFileReference; fileEncoding = 4; lastKnownFileType = sourcecode.c.h; path = TestAccount.h; sourceTree = "<group>"; };
		00BDC1E21A1B978900F0DA1C /* testing.cpp */ = {isa = PBXFileReference; fileEncoding = 4; lastKnownFileType = sourcecode.cpp.cpp; path = testing.cpp; sourceTree = "<group>"; };
		00BDC1E31A1B978900F0DA1C /* testing.h */ = {isa = PBXFileReference; fileEncoding = 4; lastKnownFileType = sourcecode.c.h; path = testing.h; sourceTree = "<group>"; };
		00BDC1E41A1B978900F0DA1C /* TestServiceLockboxSession.cpp */ = {isa = PBXFileReference; fileEncoding = 4; lastKnownFileType = sourcecode.cpp.cpp; path = TestServiceLockboxSession.cpp; sourceTree = "<group>"; };
		00BDC1E51A1B978900F0DA1C /* TestServiceLockboxSession.h */ = {isa = PBXFileReference; fileEncoding = 4; lastKnownFileType = sourcecode.c.h; path = TestServiceLockboxSession.h; sourceTree = "<group>"; };
		00BDC1E61A1B978900F0DA1C /* TestStack.cpp */ = {isa = PBXFileReference; fileEncoding = 4; lastKnownFileType = sourcecode.cpp.cpp; path = TestStack.cpp; sourceTree = "<group>"; };
		00BDC1E71A1B978900F0DA1C /* TestStack.h */ = {isa = PBXFileReference; fileEncoding = 4; lastKnownFileType = sourcecode.c.h; path = TestStack.h; sourceTree = "<group>"; };
		00BDC2B01A1B994400F0DA1C /* ortclib_ios.xcodeproj */ = {isa = PBXFileReference; lastKnownFileType = "wrapper.pb-project"; name = ortclib_ios.xcodeproj; path = "../../../../ortc-lib/projects/xcode/ortclib_ios/ortclib_ios.xcodeproj"; sourceTree = "<group>"; };
		00BDC2B61A1B995600F0DA1C /* easysqlite_ios.xcodeproj */ = {isa = PBXFileReference; lastKnownFileType = "wrapper.pb-project"; name = easysqlite_ios.xcodeproj; path = ../../../../easysqlite/projects/xcode/easysqlite_ios.xcodeproj; sourceTree = "<group>"; };
		00BDC2BC1A1B996200F0DA1C /* hfstack_ios.xcodeproj */ = {isa = PBXFileReference; lastKnownFileType = "wrapper.pb-project"; name = hfstack_ios.xcodeproj; path = ../hfstack_ios/hfstack_ios.xcodeproj; sourceTree = "<group>"; };
		00BDC2D71A1B99DD00F0DA1C /* libcurl.a */ = {isa = PBXFileReference; lastKnownFileType = archive.ar; name = libcurl.a; path = "../../../../curl/curl/ios-appstore/lib/libcurl.a"; sourceTree = "<group>"; };
		00D7DF6A1A8C595A00DC0F6E /* TestCache.cpp */ = {isa = PBXFileReference; fileEncoding = 4; lastKnownFileType = sourcecode.cpp.cpp; path = TestCache.cpp; sourceTree = "<group>"; };
		00D7DF6B1A8C595A00DC0F6E /* TestCache.h */ = {isa = PBXFileReference; fileEncoding = 4; lastKnownFileType = sourcecode.c.h; path = TestCache.h; sourceTree = "<group>"; };
		00D7DF6C1A8C595A00DC0F6E /* TestLocationDB.cpp */ = {isa = PBXFileReference; fileEncoding = 4; lastKnownFileType = sourcecode.cpp.cpp; path = TestLocationDB.cpp; sourceTree = "<group>"; };
		00D7DF6D1A8C595A00DC0F6E /* TestLocationDB.h */ = {isa = PBXFileReference; fileEncoding = 4; lastKnownFileType = sourcecode.c.h; path = TestLocationDB.h; sourceTree = "<group>"; };
		00D7DF6E1A8C595A00DC0F6E /* TestP2PDatabaseMessage.cpp */ = {isa = PBXFileReference; fileEncoding = 4; lastKnownFileType = sourcecode.cpp.cpp; path = TestP2PDatabaseMessage.cpp; sourceTree = "<group>"; };
		00D7DF6F1A8C595A00DC0F6E /* TestP2PDatabaseMessage.h */ = {isa = PBXFileReference; fileEncoding = 4; lastKnownFileType = sourcecode.c.h; path = TestP2PDatabaseMessage.h; sourceTree = "<group>"; };
		00D7DF701A8C595A00DC0F6E /* TestPushMailboxDB.cpp */ = {isa = PBXFileReference; fileEncoding = 4; lastKnownFileType = sourcecode.cpp.cpp; path = TestPushMailboxDB.cpp; sourceTree = "<group>"; };
		00D7DF711A8C595A00DC0F6E /* TestPushMailboxDB.h */ = {isa = PBXFileReference; fileEncoding = 4; lastKnownFileType = sourcecode.c.h; path = TestPushMailboxDB.h; sourceTree = "<group>"; };
		00D7DF721A8C595A00DC0F6E /* TestSetup.cpp */ = {isa = PBXFileReference; fileEncoding = 4; lastKnownFileType = sourcecode.cpp.cpp; path = TestSetup.cpp; sourceTree = "<group>"; };
		00D7DF731A8C595A00DC0F6E /* TestSetup.h */ = {isa = PBXFileReference; fileEncoding = 4; lastKnownFileType = sourcecode.c.h; path = TestSetup.h; sourceTree = "<group>"; };
/* End PBXFileReference section */

/* Begin PBXFrameworksBuildPhase section */
		00BDC0141A1B974800F0DA1C /* Frameworks */ = {
			isa = PBXFrameworksBuildPhase;
			buildActionMask = 2147483647;
			files = (
				0039C47D1AAD42C900A8E9D0 /* libhfservices_ios.a in Frameworks */,
				0039C4721AAD427E00A8E9D0 /* libidnkit_ios.a in Frameworks */,
				0039C4711AAD426F00A8E9D0 /* libudns_ios.a in Frameworks */,
				0030C4001AAD388900A873B5 /* libcryptopp_ios.a in Frameworks */,
				00F00D411AAD36BF008C64A8 /* libortclib_ios.a in Frameworks */,
				00F00D401AAD36B9008C64A8 /* libzsLib_ios.a in Frameworks */,
				00F00D3F1AAD368E008C64A8 /* libeasysqlite_ios.a in Frameworks */,
				00F00D341AAD365A008C64A8 /* libhfstack_ios.a in Frameworks */,
				00BDC2D81A1B99DD00F0DA1C /* libcurl.a in Frameworks */,
			);
			runOnlyForDeploymentPostprocessing = 0;
		};
/* End PBXFrameworksBuildPhase section */

/* Begin PBXGroup section */
		0030C3D61AAD386A00A873B5 /* Products */ = {
			isa = PBXGroup;
			children = (
				0030C3E61AAD386A00A873B5 /* libcryptopp_ios.a */,
			);
			name = Products;
			sourceTree = "<group>";
		};
		0030C3D81AAD386A00A873B5 /* Products */ = {
			isa = PBXGroup;
			children = (
				0030C3E91AAD386A00A873B5 /* libidnkit_ios.a */,
			);
			name = Products;
			sourceTree = "<group>";
		};
		0030C3EE1AAD386A00A873B5 /* Products */ = {
			isa = PBXGroup;
			children = (
				0030C3F21AAD386A00A873B5 /* libudns_ios.a */,
			);
			name = Products;
			sourceTree = "<group>";
		};
		0039C4761AAD42BA00A8E9D0 /* Products */ = {
			isa = PBXGroup;
			children = (
				0039C47A1AAD42BA00A8E9D0 /* libhfservices_ios.a */,
			);
			name = Products;
			sourceTree = "<group>";
		};
		007180B81A818BE300CDA113 /* Products */ = {
			isa = PBXGroup;
			children = (
				007180BE1A818BE400CDA113 /* libortclib_ios.a */,
			);
			name = Products;
			sourceTree = "<group>";
		};
		0078BD5C1A818C97003AAD10 /* Products */ = {
			isa = PBXGroup;
			children = (
				0078BD611A818C97003AAD10 /* libhfstack_ios.a */,
			);
			name = Products;
			sourceTree = "<group>";
		};
		00BDC00E1A1B974800F0DA1C = {
			isa = PBXGroup;
			children = (
				00BDC2971A1B98FA00F0DA1C /* Projects */,
				00BDC0401A1B978800F0DA1C /* openpeer */,
				00BDC0191A1B974800F0DA1C /* hfstackTest_ios */,
				00BDC2D91A1B99E800F0DA1C /* Libraries */,
				00BDC0181A1B974800F0DA1C /* Products */,
			);
			sourceTree = "<group>";
		};
		00BDC0181A1B974800F0DA1C /* Products */ = {
			isa = PBXGroup;
			children = (
				00BDC0171A1B974800F0DA1C /* hfstackTest_ios.app */,
			);
			name = Products;
			sourceTree = "<group>";
		};
		00BDC0191A1B974800F0DA1C /* hfstackTest_ios */ = {
			isa = PBXGroup;
			children = (
				00BDC01E1A1B974800F0DA1C /* AppDelegate.h */,
				00BDC01F1A1B974800F0DA1C /* AppDelegate.m */,
				00BDC0211A1B974800F0DA1C /* ViewController.h */,
				00BDC0221A1B974800F0DA1C /* ViewController.m */,
				00BDC0241A1B974800F0DA1C /* Main.storyboard */,
				00BDC0271A1B974800F0DA1C /* Images.xcassets */,
				00BDC0291A1B974800F0DA1C /* LaunchScreen.xib */,
				00BDC01A1A1B974800F0DA1C /* Supporting Files */,
			);
			path = hfstackTest_ios;
			sourceTree = "<group>";
		};
		00BDC01A1A1B974800F0DA1C /* Supporting Files */ = {
			isa = PBXGroup;
			children = (
				00BDC01B1A1B974800F0DA1C /* Info.plist */,
				00BDC01C1A1B974800F0DA1C /* main.m */,
			);
			name = "Supporting Files";
			sourceTree = "<group>";
		};
		00BDC0401A1B978800F0DA1C /* openpeer */ = {
			isa = PBXGroup;
			children = (
				00BDC0411A1B978800F0DA1C /* stack */,
			);
			name = openpeer;
			path = ../../../openpeer;
			sourceTree = "<group>";
		};
		00BDC0411A1B978800F0DA1C /* stack */ = {
			isa = PBXGroup;
			children = (
				00BDC1DB1A1B978900F0DA1C /* test */,
			);
			path = stack;
			sourceTree = "<group>";
		};
		00BDC1DB1A1B978900F0DA1C /* test */ = {
			isa = PBXGroup;
			children = (
				00D7DF721A8C595A00DC0F6E /* TestSetup.cpp */,
				00D7DF731A8C595A00DC0F6E /* TestSetup.h */,
				00BDC1DC1A1B978900F0DA1C /* config.h */,
				00BDC1E21A1B978900F0DA1C /* testing.cpp */,
				00BDC1E31A1B978900F0DA1C /* testing.h */,
				00BDC1DD1A1B978900F0DA1C /* helpers.cpp */,
				00BDC1DE1A1B978900F0DA1C /* helpers.h */,
				00BDC1DF1A1B978900F0DA1C /* main.cpp */,
				00BDC1E01A1B978900F0DA1C /* TestAccount.cpp */,
				00BDC1E11A1B978900F0DA1C /* TestAccount.h */,
				00D7DF6A1A8C595A00DC0F6E /* TestCache.cpp */,
				00D7DF6B1A8C595A00DC0F6E /* TestCache.h */,
				0091A2BD1A9C3BED005EB898 /* TestILocationDatabase.cpp */,
				0091A2BE1A9C3BED005EB898 /* TestILocationDatabase.h */,
				00D7DF6C1A8C595A00DC0F6E /* TestLocationDB.cpp */,
				00D7DF6D1A8C595A00DC0F6E /* TestLocationDB.h */,
				00D7DF6E1A8C595A00DC0F6E /* TestP2PDatabaseMessage.cpp */,
				00D7DF6F1A8C595A00DC0F6E /* TestP2PDatabaseMessage.h */,
				00D7DF701A8C595A00DC0F6E /* TestPushMailboxDB.cpp */,
				00D7DF711A8C595A00DC0F6E /* TestPushMailboxDB.h */,
				00BDC1E41A1B978900F0DA1C /* TestServiceLockboxSession.cpp */,
				00BDC1E51A1B978900F0DA1C /* TestServiceLockboxSession.h */,
				00BDC1E61A1B978900F0DA1C /* TestStack.cpp */,
				00BDC1E71A1B978900F0DA1C /* TestStack.h */,
			);
			path = test;
			sourceTree = "<group>";
		};
		00BDC2971A1B98FA00F0DA1C /* Projects */ = {
			isa = PBXGroup;
			children = (
				00BDC2BC1A1B996200F0DA1C /* hfstack_ios.xcodeproj */,
				00BDC2B61A1B995600F0DA1C /* easysqlite_ios.xcodeproj */,
				00BDC2B01A1B994400F0DA1C /* ortclib_ios.xcodeproj */,
				0039C4751AAD42BA00A8E9D0 /* hfservices_ios.xcodeproj */,
				008C9C931A811203002ADD3B /* cryptopp_ios.xcodeproj */,
				008C9C811A8111A7002ADD3B /* idnkit_ios.xcodeproj */,
				008C9C8D1A8111F6002ADD3B /* udns_ios.xcodeproj */,
				008C9C871A8111EF002ADD3B /* zsLib_ios.xcodeproj */,
			);
			name = Projects;
			sourceTree = "<group>";
		};
		00BDC2D91A1B99E800F0DA1C /* Libraries */ = {
			isa = PBXGroup;
			children = (
				00BDC2D71A1B99DD00F0DA1C /* libcurl.a */,
			);
			name = Libraries;
			sourceTree = "<group>";
		};
		00D7DEEE1A8BB42700DC0F6E /* Products */ = {
			isa = PBXGroup;
			children = (
				00D7DEF31A8BB42700DC0F6E /* libeasysqlite_ios.a */,
			);
			name = Products;
			sourceTree = "<group>";
		};
		00F00D1A1AAD3638008C64A8 /* Products */ = {
			isa = PBXGroup;
			children = (
				00F00D211AAD3638008C64A8 /* libzsLib_ios.a */,
			);
			name = Products;
			sourceTree = "<group>";
		};
/* End PBXGroup section */

/* Begin PBXNativeTarget section */
		00BDC0161A1B974800F0DA1C /* hfstackTest_ios */ = {
			isa = PBXNativeTarget;
			buildConfigurationList = 00BDC03A1A1B974800F0DA1C /* Build configuration list for PBXNativeTarget "hfstackTest_ios" */;
			buildPhases = (
				00BDC0131A1B974800F0DA1C /* Sources */,
				00BDC0141A1B974800F0DA1C /* Frameworks */,
				00BDC0151A1B974800F0DA1C /* Resources */,
			);
			buildRules = (
			);
			dependencies = (
				0039C47C1AAD42C200A8E9D0 /* PBXTargetDependency */,
				0030C3F91AAD387500A873B5 /* PBXTargetDependency */,
				0030C3FB1AAD387500A873B5 /* PBXTargetDependency */,
				0030C3FD1AAD387500A873B5 /* PBXTargetDependency */,
				00F00D471AAD37DC008C64A8 /* PBXTargetDependency */,
				00F00D2D1AAD3653008C64A8 /* PBXTargetDependency */,
				00F00D2F1AAD3653008C64A8 /* PBXTargetDependency */,
				00F00D331AAD3653008C64A8 /* PBXTargetDependency */,
			);
			name = hfstackTest_ios;
			productName = hfstackTest_ios;
			productReference = 00BDC0171A1B974800F0DA1C /* hfstackTest_ios.app */;
			productType = "com.apple.product-type.application";
		};
/* End PBXNativeTarget section */

/* Begin PBXProject section */
		00BDC00F1A1B974800F0DA1C /* Project object */ = {
			isa = PBXProject;
			attributes = {
				LastUpgradeCheck = 0610;
				ORGANIZATIONNAME = "Hookflash Inc.";
				TargetAttributes = {
					00BDC0161A1B974800F0DA1C = {
						CreatedOnToolsVersion = 6.1;
					};
				};
			};
			buildConfigurationList = 00BDC0121A1B974800F0DA1C /* Build configuration list for PBXProject "hfstackTest_ios" */;
			compatibilityVersion = "Xcode 3.2";
			developmentRegion = English;
			hasScannedForEncodings = 0;
			knownRegions = (
				en,
				Base,
			);
			mainGroup = 00BDC00E1A1B974800F0DA1C;
			productRefGroup = 00BDC0181A1B974800F0DA1C /* Products */;
			projectDirPath = "";
			projectReferences = (
				{
					ProductGroup = 0030C3D61AAD386A00A873B5 /* Products */;
					ProjectRef = 008C9C931A811203002ADD3B /* cryptopp_ios.xcodeproj */;
				},
				{
					ProductGroup = 00D7DEEE1A8BB42700DC0F6E /* Products */;
					ProjectRef = 00BDC2B61A1B995600F0DA1C /* easysqlite_ios.xcodeproj */;
				},
				{
					ProductGroup = 0039C4761AAD42BA00A8E9D0 /* Products */;
					ProjectRef = 0039C4751AAD42BA00A8E9D0 /* hfservices_ios.xcodeproj */;
				},
				{
					ProductGroup = 0078BD5C1A818C97003AAD10 /* Products */;
					ProjectRef = 00BDC2BC1A1B996200F0DA1C /* hfstack_ios.xcodeproj */;
				},
				{
					ProductGroup = 0030C3D81AAD386A00A873B5 /* Products */;
					ProjectRef = 008C9C811A8111A7002ADD3B /* idnkit_ios.xcodeproj */;
				},
				{
					ProductGroup = 007180B81A818BE300CDA113 /* Products */;
					ProjectRef = 00BDC2B01A1B994400F0DA1C /* ortclib_ios.xcodeproj */;
				},
				{
					ProductGroup = 0030C3EE1AAD386A00A873B5 /* Products */;
					ProjectRef = 008C9C8D1A8111F6002ADD3B /* udns_ios.xcodeproj */;
				},
				{
					ProductGroup = 00F00D1A1AAD3638008C64A8 /* Products */;
					ProjectRef = 008C9C871A8111EF002ADD3B /* zsLib_ios.xcodeproj */;
				},
			);
			projectRoot = "";
			targets = (
				00BDC0161A1B974800F0DA1C /* hfstackTest_ios */,
			);
		};
/* End PBXProject section */

/* Begin PBXReferenceProxy section */
		0030C3E61AAD386A00A873B5 /* libcryptopp_ios.a */ = {
			isa = PBXReferenceProxy;
			fileType = archive.ar;
			path = libcryptopp_ios.a;
			remoteRef = 0030C3E51AAD386A00A873B5 /* PBXContainerItemProxy */;
			sourceTree = BUILT_PRODUCTS_DIR;
		};
		0030C3E91AAD386A00A873B5 /* libidnkit_ios.a */ = {
			isa = PBXReferenceProxy;
			fileType = archive.ar;
			path = libidnkit_ios.a;
			remoteRef = 0030C3E81AAD386A00A873B5 /* PBXContainerItemProxy */;
			sourceTree = BUILT_PRODUCTS_DIR;
		};
		0030C3F21AAD386A00A873B5 /* libudns_ios.a */ = {
			isa = PBXReferenceProxy;
			fileType = archive.ar;
			path = libudns_ios.a;
			remoteRef = 0030C3F11AAD386A00A873B5 /* PBXContainerItemProxy */;
			sourceTree = BUILT_PRODUCTS_DIR;
		};
		0039C47A1AAD42BA00A8E9D0 /* libhfservices_ios.a */ = {
			isa = PBXReferenceProxy;
			fileType = archive.ar;
			path = libhfservices_ios.a;
			remoteRef = 0039C4791AAD42BA00A8E9D0 /* PBXContainerItemProxy */;
			sourceTree = BUILT_PRODUCTS_DIR;
		};
		007180BE1A818BE400CDA113 /* libortclib_ios.a */ = {
			isa = PBXReferenceProxy;
			fileType = archive.ar;
			path = libortclib_ios.a;
			remoteRef = 007180BD1A818BE400CDA113 /* PBXContainerItemProxy */;
			sourceTree = BUILT_PRODUCTS_DIR;
		};
		0078BD611A818C97003AAD10 /* libhfstack_ios.a */ = {
			isa = PBXReferenceProxy;
			fileType = archive.ar;
			path = libhfstack_ios.a;
			remoteRef = 0078BD601A818C97003AAD10 /* PBXContainerItemProxy */;
			sourceTree = BUILT_PRODUCTS_DIR;
		};
		00D7DEF31A8BB42700DC0F6E /* libeasysqlite_ios.a */ = {
			isa = PBXReferenceProxy;
			fileType = archive.ar;
			path = libeasysqlite_ios.a;
			remoteRef = 00D7DEF21A8BB42700DC0F6E /* PBXContainerItemProxy */;
			sourceTree = BUILT_PRODUCTS_DIR;
		};
		00F00D211AAD3638008C64A8 /* libzsLib_ios.a */ = {
			isa = PBXReferenceProxy;
			fileType = archive.ar;
			path = libzsLib_ios.a;
			remoteRef = 00F00D201AAD3638008C64A8 /* PBXContainerItemProxy */;
			sourceTree = BUILT_PRODUCTS_DIR;
		};
/* End PBXReferenceProxy section */

/* Begin PBXResourcesBuildPhase section */
		00BDC0151A1B974800F0DA1C /* Resources */ = {
			isa = PBXResourcesBuildPhase;
			buildActionMask = 2147483647;
			files = (
				00BDC0261A1B974800F0DA1C /* Main.storyboard in Resources */,
				00BDC02B1A1B974800F0DA1C /* LaunchScreen.xib in Resources */,
				00BDC0281A1B974800F0DA1C /* Images.xcassets in Resources */,
			);
			runOnlyForDeploymentPostprocessing = 0;
		};
/* End PBXResourcesBuildPhase section */

/* Begin PBXSourcesBuildPhase section */
		00BDC0131A1B974800F0DA1C /* Sources */ = {
			isa = PBXSourcesBuildPhase;
			buildActionMask = 2147483647;
			files = (
				00BDC2951A1B978900F0DA1C /* TestServiceLockboxSession.cpp in Sources */,
				00D7DF781A8C595A00DC0F6E /* TestSetup.cpp in Sources */,
				00D7DF761A8C595A00DC0F6E /* TestP2PDatabaseMessage.cpp in Sources */,
				00BDC2941A1B978900F0DA1C /* testing.cpp in Sources */,
				00BDC2931A1B978900F0DA1C /* TestAccount.cpp in Sources */,
				00D7DF741A8C595A00DC0F6E /* TestCache.cpp in Sources */,
				00BDC0231A1B974800F0DA1C /* ViewController.m in Sources */,
				00BDC2961A1B978900F0DA1C /* TestStack.cpp in Sources */,
				00BDC2911A1B978900F0DA1C /* helpers.cpp in Sources */,
				00D7DF771A8C595A00DC0F6E /* TestPushMailboxDB.cpp in Sources */,
				00BDC0201A1B974800F0DA1C /* AppDelegate.m in Sources */,
				00D7DF751A8C595A00DC0F6E /* TestLocationDB.cpp in Sources */,
				00BDC01D1A1B974800F0DA1C /* main.m in Sources */,
				0091A2BF1A9C3BED005EB898 /* TestILocationDatabase.cpp in Sources */,
			);
			runOnlyForDeploymentPostprocessing = 0;
		};
/* End PBXSourcesBuildPhase section */

/* Begin PBXTargetDependency section */
		0030C3F91AAD387500A873B5 /* PBXTargetDependency */ = {
			isa = PBXTargetDependency;
			name = cryptopp_ios;
			targetProxy = 0030C3F81AAD387500A873B5 /* PBXContainerItemProxy */;
		};
		0030C3FB1AAD387500A873B5 /* PBXTargetDependency */ = {
			isa = PBXTargetDependency;
			name = idnkit_ios;
			targetProxy = 0030C3FA1AAD387500A873B5 /* PBXContainerItemProxy */;
		};
		0030C3FD1AAD387500A873B5 /* PBXTargetDependency */ = {
			isa = PBXTargetDependency;
			name = udns_ios;
			targetProxy = 0030C3FC1AAD387500A873B5 /* PBXContainerItemProxy */;
		};
		0039C47C1AAD42C200A8E9D0 /* PBXTargetDependency */ = {
			isa = PBXTargetDependency;
			name = hfservices_ios;
			targetProxy = 0039C47B1AAD42C200A8E9D0 /* PBXContainerItemProxy */;
		};
		00F00D2D1AAD3653008C64A8 /* PBXTargetDependency */ = {
			isa = PBXTargetDependency;
			name = hfstack_ios;
			targetProxy = 00F00D2C1AAD3653008C64A8 /* PBXContainerItemProxy */;
		};
		00F00D2F1AAD3653008C64A8 /* PBXTargetDependency */ = {
			isa = PBXTargetDependency;
			name = easysqlite_ios;
			targetProxy = 00F00D2E1AAD3653008C64A8 /* PBXContainerItemProxy */;
		};
		00F00D331AAD3653008C64A8 /* PBXTargetDependency */ = {
			isa = PBXTargetDependency;
			name = zsLib_ios;
			targetProxy = 00F00D321AAD3653008C64A8 /* PBXContainerItemProxy */;
		};
		00F00D471AAD37DC008C64A8 /* PBXTargetDependency */ = {
			isa = PBXTargetDependency;
			name = ortclib_ios;
			targetProxy = 00F00D461AAD37DC008C64A8 /* PBXContainerItemProxy */;
		};
/* End PBXTargetDependency section */

/* Begin PBXVariantGroup section */
		00BDC0241A1B974800F0DA1C /* Main.storyboard */ = {
			isa = PBXVariantGroup;
			children = (
				00BDC0251A1B974800F0DA1C /* Base */,
			);
			name = Main.storyboard;
			sourceTree = "<group>";
		};
		00BDC0291A1B974800F0DA1C /* LaunchScreen.xib */ = {
			isa = PBXVariantGroup;
			children = (
				00BDC02A1A1B974800F0DA1C /* Base */,
			);
			name = LaunchScreen.xib;
			sourceTree = "<group>";
		};
/* End PBXVariantGroup section */

/* Begin XCBuildConfiguration section */
		00BDC0381A1B974800F0DA1C /* Debug */ = {
			isa = XCBuildConfiguration;
			buildSettings = {
				ALWAYS_SEARCH_USER_PATHS = NO;
				CLANG_CXX_LANGUAGE_STANDARD = "c++0x";
				CLANG_CXX_LIBRARY = "libc++";
				CLANG_ENABLE_MODULES = YES;
				CLANG_ENABLE_OBJC_ARC = YES;
				CLANG_WARN_BOOL_CONVERSION = YES;
				CLANG_WARN_CONSTANT_CONVERSION = YES;
				CLANG_WARN_DIRECT_OBJC_ISA_USAGE = YES_ERROR;
				CLANG_WARN_EMPTY_BODY = YES;
				CLANG_WARN_ENUM_CONVERSION = YES;
				CLANG_WARN_INT_CONVERSION = YES;
				CLANG_WARN_OBJC_ROOT_CLASS = YES_ERROR;
				CLANG_WARN_UNREACHABLE_CODE = YES;
				CLANG_WARN__DUPLICATE_METHOD_MATCH = YES;
				"CODE_SIGN_IDENTITY[sdk=iphoneos*]" = "iPhone Developer";
				COPY_PHASE_STRIP = NO;
				ENABLE_STRICT_OBJC_MSGSEND = YES;
				FRAMEWORK_SEARCH_PATHS = "$(inherited)";
				GCC_C_LANGUAGE_STANDARD = gnu99;
				GCC_DYNAMIC_NO_PIC = NO;
				GCC_OPTIMIZATION_LEVEL = 0;
				GCC_PREPROCESSOR_DEFINITIONS = (
					CRYPTOPP_DISABLE_ASM,
					"DEBUG=1",
					"$(inherited)",
				);
				GCC_SYMBOLS_PRIVATE_EXTERN = NO;
				GCC_WARN_64_TO_32_BIT_CONVERSION = YES;
				GCC_WARN_ABOUT_RETURN_TYPE = YES_ERROR;
				GCC_WARN_UNDECLARED_SELECTOR = YES;
				GCC_WARN_UNINITIALIZED_AUTOS = YES_AGGRESSIVE;
				GCC_WARN_UNUSED_FUNCTION = YES;
				GCC_WARN_UNUSED_VARIABLE = YES;
				HEADER_SEARCH_PATHS = (
					../../..,
					../../../..,
					../../../../zsLib,
					"../../../../op-services-cpp",
					../../../../easysqlite/easySQLite/easySQLite,
					../../../../easysqlite/sqlite,
					"$(inherited)",
				);
				IPHONEOS_DEPLOYMENT_TARGET = 8.1;
				LIBRARY_SEARCH_PATHS = (
					"$(inherited)",
					"../../../../curl/curl/ios-appstore/lib",
				);
				MTL_ENABLE_DEBUG_INFO = YES;
				ONLY_ACTIVE_ARCH = YES;
				SDKROOT = iphoneos;
				SUPPORTED_PLATFORMS = iphoneos;
				TARGETED_DEVICE_FAMILY = "1,2";
			};
			name = Debug;
		};
		00BDC0391A1B974800F0DA1C /* Release */ = {
			isa = XCBuildConfiguration;
			buildSettings = {
				ALWAYS_SEARCH_USER_PATHS = NO;
				CLANG_CXX_LANGUAGE_STANDARD = "c++0x";
				CLANG_CXX_LIBRARY = "libc++";
				CLANG_ENABLE_MODULES = YES;
				CLANG_ENABLE_OBJC_ARC = YES;
				CLANG_WARN_BOOL_CONVERSION = YES;
				CLANG_WARN_CONSTANT_CONVERSION = YES;
				CLANG_WARN_DIRECT_OBJC_ISA_USAGE = YES_ERROR;
				CLANG_WARN_EMPTY_BODY = YES;
				CLANG_WARN_ENUM_CONVERSION = YES;
				CLANG_WARN_INT_CONVERSION = YES;
				CLANG_WARN_OBJC_ROOT_CLASS = YES_ERROR;
				CLANG_WARN_UNREACHABLE_CODE = YES;
				CLANG_WARN__DUPLICATE_METHOD_MATCH = YES;
				"CODE_SIGN_IDENTITY[sdk=iphoneos*]" = "iPhone Developer";
				COPY_PHASE_STRIP = YES;
				ENABLE_NS_ASSERTIONS = NO;
				ENABLE_STRICT_OBJC_MSGSEND = YES;
				FRAMEWORK_SEARCH_PATHS = "$(inherited)";
				GCC_C_LANGUAGE_STANDARD = gnu99;
				GCC_PREPROCESSOR_DEFINITIONS = (
					CRYPTOPP_DISABLE_ASM,
					"NDEBUG=1",
					"$(inherited)",
				);
				GCC_WARN_64_TO_32_BIT_CONVERSION = YES;
				GCC_WARN_ABOUT_RETURN_TYPE = YES_ERROR;
				GCC_WARN_UNDECLARED_SELECTOR = YES;
				GCC_WARN_UNINITIALIZED_AUTOS = YES_AGGRESSIVE;
				GCC_WARN_UNUSED_FUNCTION = YES;
				GCC_WARN_UNUSED_VARIABLE = YES;
				HEADER_SEARCH_PATHS = (
					../../..,
					../../../..,
					../../../../zsLib,
					"../../../../op-services-cpp",
					../../../../easysqlite/easySQLite/easySQLite,
					../../../../easysqlite/sqlite,
					"$(inherited)",
				);
				IPHONEOS_DEPLOYMENT_TARGET = 8.1;
				LIBRARY_SEARCH_PATHS = (
					"$(inherited)",
					"../../../../curl/curl/ios-appstore/lib",
				);
				MTL_ENABLE_DEBUG_INFO = NO;
				SDKROOT = iphoneos;
				SUPPORTED_PLATFORMS = iphoneos;
				TARGETED_DEVICE_FAMILY = "1,2";
				VALIDATE_PRODUCT = YES;
			};
			name = Release;
		};
		00BDC03B1A1B974800F0DA1C /* Debug */ = {
			isa = XCBuildConfiguration;
			buildSettings = {
				ASSETCATALOG_COMPILER_APPICON_NAME = AppIcon;
				GCC_INLINES_ARE_PRIVATE_EXTERN = NO;
				INFOPLIST_FILE = hfstackTest_ios/Info.plist;
				LD_RUNPATH_SEARCH_PATHS = "$(inherited) @executable_path/Frameworks";
				LIBRARY_SEARCH_PATHS = (
					"$(inherited)",
					"$(USER_LIBRARY_DIR)/Developer/Xcode/DerivedData/op-core-ajwxloilemhqatcvicykflcnmfqc/Build/Products/Debug-iphoneos",
					"/Users/robin/Documents/Hookflash/Repos/op/reorg/op-client-sdk/libs/op-services-cpp/projects/xcode/hfservices_ios/build/Debug-iphoneos",
				);
				PRODUCT_NAME = "$(TARGET_NAME)";
				VALID_ARCHS = "armv7 armv7s";
			};
			name = Debug;
		};
		00BDC03C1A1B974800F0DA1C /* Release */ = {
			isa = XCBuildConfiguration;
			buildSettings = {
				ASSETCATALOG_COMPILER_APPICON_NAME = AppIcon;
				GCC_INLINES_ARE_PRIVATE_EXTERN = NO;
				INFOPLIST_FILE = hfstackTest_ios/Info.plist;
				LD_RUNPATH_SEARCH_PATHS = "$(inherited) @executable_path/Frameworks";
				LIBRARY_SEARCH_PATHS = (
					"$(inherited)",
					"$(USER_LIBRARY_DIR)/Developer/Xcode/DerivedData/op-core-ajwxloilemhqatcvicykflcnmfqc/Build/Products/Debug-iphoneos",
					"/Users/robin/Documents/Hookflash/Repos/op/reorg/op-client-sdk/libs/op-services-cpp/projects/xcode/hfservices_ios/build/Debug-iphoneos",
				);
				PRODUCT_NAME = "$(TARGET_NAME)";
				VALID_ARCHS = "armv7 armv7s";
			};
			name = Release;
		};
/* End XCBuildConfiguration section */

/* Begin XCConfigurationList section */
		00BDC0121A1B974800F0DA1C /* Build configuration list for PBXProject "hfstackTest_ios" */ = {
			isa = XCConfigurationList;
			buildConfigurations = (
				00BDC0381A1B974800F0DA1C /* Debug */,
				00BDC0391A1B974800F0DA1C /* Release */,
			);
			defaultConfigurationIsVisible = 0;
			defaultConfigurationName = Release;
		};
		00BDC03A1A1B974800F0DA1C /* Build configuration list for PBXNativeTarget "hfstackTest_ios" */ = {
			isa = XCConfigurationList;
			buildConfigurations = (
				00BDC03B1A1B974800F0DA1C /* Debug */,
				00BDC03C1A1B974800F0DA1C /* Release */,
			);
			defaultConfigurationIsVisible = 0;
			defaultConfigurationName = Release;
		};
/* End XCConfigurationList section */
	};
	rootObject = 00BDC00F1A1B974800F0DA1C /* Project object */;
}
